
Microsoft Visual Studio Solution File, Format Version 12.00
# Visual Studio Version 17
VisualStudioVersion = 17.7.34024.191
MinimumVisualStudioVersion = 10.0.40219.1
Project("{FAE04EC0-301F-11D3-BF4B-00C04F79EFBC}") = "MyFirstApp", "MyFirstApp\MyFirstApp.csproj", "{06A91A00-FAB8-4548-B5CC-8B7BD30D4458}"
EndProject
Global
	GlobalSection(SolutionConfigurationPlatforms) = preSolution
		Debug|Any CPU = Debug|Any CPU
		Release|Any CPU = Release|Any CPU
	EndGlobalSection
	GlobalSection(ProjectConfigurationPlatforms) = postSolution
		{06A91A00-FAB8-4548-B5CC-8B7BD30D4458}.Debug|Any CPU.ActiveCfg = Debug|Any CPU
		{06A91A00-FAB8-4548-B5CC-8B7BD30D4458}.Debug|Any CPU.Build.0 = Debug|Any CPU
		{06A91A00-FAB8-4548-B5CC-8B7BD30D4458}.Release|Any CPU.ActiveCfg = Release|Any CPU
		{06A91A00-FAB8-4548-B5CC-8B7BD30D4458}.Release|Any CPU.Build.0 = Release|Any CPU
	EndGlobalSection
	GlobalSection(SolutionProperties) = preSolution
		HideSolutionNode = FALSE
	EndGlobalSection
	GlobalSection(ExtensibilityGlobals) = postSolution
		SolutionGuid = {4FAB0F94-5B98-4356-9132-F46CA53C55D8}
	EndGlobalSection
EndGlobal
